
Microsoft Visual Studio Solution File, Format Version 12.00
# Visual Studio 14
VisualStudioVersion = 14.0.23107.0
MinimumVisualStudioVersion = 10.0.40219.1
Project("{FAE04EC0-301F-11D3-BF4B-00C04F79EFBC}") = "EulerT", "EulerT.csproj", "{DA4E17FB-5C88-4F81-9D6B-1F1FCFDAD9B0}"
EndProject
Project("{FAE04EC0-301F-11D3-BF4B-00C04F79EFBC}") = "Euler.Tests", "Euler.Tests\Euler.Tests.csproj", "{23DA6D77-54FB-4299-932B-A07B50A24AB4}"
EndProject
Global
	GlobalSection(SolutionConfigurationPlatforms) = preSolution
		Debug|Any CPU = Debug|Any CPU
		Release|Any CPU = Release|Any CPU
	EndGlobalSection
	GlobalSection(ProjectConfigurationPlatforms) = postSolution
		{DA4E17FB-5C88-4F81-9D6B-1F1FCFDAD9B0}.Debug|Any CPU.ActiveCfg = Debug|Any CPU
		{DA4E17FB-5C88-4F81-9D6B-1F1FCFDAD9B0}.Debug|Any CPU.Build.0 = Debug|Any CPU
		{DA4E17FB-5C88-4F81-9D6B-1F1FCFDAD9B0}.Release|Any CPU.ActiveCfg = Release|Any CPU
		{DA4E17FB-5C88-4F81-9D6B-1F1FCFDAD9B0}.Release|Any CPU.Build.0 = Release|Any CPU
		{23DA6D77-54FB-4299-932B-A07B50A24AB4}.Debug|Any CPU.ActiveCfg = Debug|Any CPU
		{23DA6D77-54FB-4299-932B-A07B50A24AB4}.Debug|Any CPU.Build.0 = Debug|Any CPU
		{23DA6D77-54FB-4299-932B-A07B50A24AB4}.Release|Any CPU.ActiveCfg = Release|Any CPU
		{23DA6D77-54FB-4299-932B-A07B50A24AB4}.Release|Any CPU.Build.0 = Release|Any CPU
	EndGlobalSection
	GlobalSection(SolutionProperties) = preSolution
		HideSolutionNode = FALSE
	EndGlobalSection
EndGlobal
